
Microsoft Visual Studio Solution File, Format Version 12.00
# Visual Studio Version 17
VisualStudioVersion = 17.6.33829.357
MinimumVisualStudioVersion = 10.0.40219.1
Project("{9A19103F-16F7-4668-BE54-9A1E7A4F7556}") = "HangFireServer", "HangFireServer\HangFireServer.csproj", "{C3200AD1-12D7-4C84-9295-CF2B20ACBD4A}"
EndProject
Project("{9A19103F-16F7-4668-BE54-9A1E7A4F7556}") = "Service", "Service\Service.csproj", "{4EAA7723-19D6-46F6-81CB-3237F235727E}"
EndProject
Global
	GlobalSection(SolutionConfigurationPlatforms) = preSolution
		Debug|Any CPU = Debug|Any CPU
		Release|Any CPU = Release|Any CPU
	EndGlobalSection
	GlobalSection(ProjectConfigurationPlatforms) = postSolution
		{C3200AD1-12D7-4C84-9295-CF2B20ACBD4A}.Debug|Any CPU.ActiveCfg = Debug|Any CPU
		{C3200AD1-12D7-4C84-9295-CF2B20ACBD4A}.Debug|Any CPU.Build.0 = Debug|Any CPU
		{C3200AD1-12D7-4C84-9295-CF2B20ACBD4A}.Release|Any CPU.ActiveCfg = Release|Any CPU
		{C3200AD1-12D7-4C84-9295-CF2B20ACBD4A}.Release|Any CPU.Build.0 = Release|Any CPU
		{4EAA7723-19D6-46F6-81CB-3237F235727E}.Debug|Any CPU.ActiveCfg = Debug|Any CPU
		{4EAA7723-19D6-46F6-81CB-3237F235727E}.Debug|Any CPU.Build.0 = Debug|Any CPU
		{4EAA7723-19D6-46F6-81CB-3237F235727E}.Release|Any CPU.ActiveCfg = Release|Any CPU
		{4EAA7723-19D6-46F6-81CB-3237F235727E}.Release|Any CPU.Build.0 = Release|Any CPU
	EndGlobalSection
	GlobalSection(SolutionProperties) = preSolution
		HideSolutionNode = FALSE
	EndGlobalSection
	GlobalSection(ExtensibilityGlobals) = postSolution
		SolutionGuid = {ADDB9435-CAC3-479B-8AAE-6E133B8DF78C}
	EndGlobalSection
EndGlobal
